{
  "name": "cinnamonpopup",
  "version": "1.0.2",
  "lockfileVersion": 2,
  "requires": true,
  "packages": {
    "": {
      "name": "cinnamonpopup",
      "version": "1.0.2",
      "license": "MIT",
      "devDependencies": {
        "@ci-types/cjs": "^1.0.9"
      }
    },
    "node_modules/@ci-types/cjs": {
      "version": "1.0.9",
      "resolved": "https://registry.npmjs.org/@ci-types/cjs/-/cjs-1.0.9.tgz",
      "integrity": "sha512-lo2BQRQ8irlrms7+/nLAGmYMtgvoEzOvD/7X+wU5blXAMF2yzCTtb1AuRHU+uXFCWyvUMv2P880Tk3RzcHt3kg==",
      "dev": true,
      "dependencies": {
        "@ci-types/gjs": "^1.0.7"
      }
    },
    "node_modules/@ci-types/gjs": {
      "version": "1.0.7",
      "resolved": "https://registry.npmjs.org/@ci-types/gjs/-/gjs-1.0.7.tgz",
      "integrity": "sha512-sldo4+62SxhM1MjrJvAiOitKs5OM1R2JexRksiv1GoLQlGHmY5N5X8eRo9y5AhK2sDUHH9tp2enbJEZCx3M7WA==",
      "dev": true
    }
  },
  "dependencies": {
    "@ci-types/cjs": {
      "version": "1.0.9",
      "resolved": "https://registry.npmjs.org/@ci-types/cjs/-/cjs-1.0.9.tgz",
      "integrity": "sha512-lo2BQRQ8irlrms7+/nLAGmYMtgvoEzOvD/7X+wU5blXAMF2yzCTtb1AuRHU+uXFCWyvUMv2P880Tk3RzcHt3kg==",
      "dev": true,
      "requires": {
        "@ci-types/gjs": "^1.0.7"
      }
    },
    "@ci-types/gjs": {
      "version": "1.0.7",
      "resolved": "https://registry.npmjs.org/@ci-types/gjs/-/gjs-1.0.7.tgz",
      "integrity": "sha512-sldo4+62SxhM1MjrJvAiOitKs5OM1R2JexRksiv1GoLQlGHmY5N5X8eRo9y5AhK2sDUHH9tp2enbJEZCx3M7WA==",
      "dev": true
    }
  }
}
